// !$*UTF8*$!
{
	archiveVersion = 1;
	classes = {
	};
	objectVersion = 46;
	objects = {

/* Begin PBXBuildFile section */
		D00D99AA1A83E8D7007B3787 /* main.m in Sources */ = {isa = PBXBuildFile; fileRef = D00D99A91A83E8D7007B3787 /* main.m */; };
		D00D99AD1A83E8D7007B3787 /* AppDelegate.m in Sources */ = {isa = PBXBuildFile; fileRef = D00D99AC1A83E8D7007B3787 /* AppDelegate.m */; };
		D00D99B01A83E8D7007B3787 /* ViewController.m in Sources */ = {isa = PBXBuildFile; fileRef = D00D99AF1A83E8D7007B3787 /* ViewController.m */; };
		D00D99B31A83E8D7007B3787 /* Main.storyboard in Resources */ = {isa = PBXBuildFile; fileRef = D00D99B11A83E8D7007B3787 /* Main.storyboard */; };
		D00D99B51A83E8D7007B3787 /* Images.xcassets in Resources */ = {isa = PBXBuildFile; fileRef = D00D99B41A83E8D7007B3787 /* Images.xcassets */; };
		D00D99B81A83E8D7007B3787 /* LaunchScreen.xib in Resources */ = {isa = PBXBuildFile; fileRef = D00D99B61A83E8D7007B3787 /* LaunchScreen.xib */; };
		D00D99C41A83E8D7007B3787 /* TaskmanagerTests.m in Sources */ = {isa = PBXBuildFile; fileRef = D00D99C31A83E8D7007B3787 /* TaskmanagerTests.m */; };
/* End PBXBuildFile section */

/* Begin PBXContainerItemProxy section */
		D00D99BE1A83E8D7007B3787 /* PBXContainerItemProxy */ = {
			isa = PBXContainerItemProxy;
			containerPortal = D00D999C1A83E8D7007B3787 /* Project object */;
			proxyType = 1;
			remoteGlobalIDString = D00D99A31A83E8D7007B3787;
			remoteInfo = Taskmanager;
		};
/* End PBXContainerItemProxy section */

/* Begin PBXFileReference section */
		D00D99A41A83E8D7007B3787 /* Taskmanager.app */ = {isa = PBXFileReference; explicitFileType = wrapper.application; includeInIndex = 0; path = Taskmanager.app; sourceTree = BUILT_PRODUCTS_DIR; };
		D00D99A81A83E8D7007B3787 /* Info.plist */ = {isa = PBXFileReference; lastKnownFileType = text.plist.xml; path = Info.plist; sourceTree = "<group>"; };
		D00D99A91A83E8D7007B3787 /* main.m */ = {isa = PBXFileReference; lastKnownFileType = sourcecode.c.objc; path = main.m; sourceTree = "<group>"; };
		D00D99AB1A83E8D7007B3787 /* AppDelegate.h */ = {isa = PBXFileReference; lastKnownFileType = sourcecode.c.h; path = AppDelegate.h; sourceTree = "<group>"; };
		D00D99AC1A83E8D7007B3787 /* AppDelegate.m */ = {isa = PBXFileReference; lastKnownFileType = sourcecode.c.objc; path = AppDelegate.m; sourceTree = "<group>"; };
		D00D99AE1A83E8D7007B3787 /* ViewController.h */ = {isa = PBXFileReference; lastKnownFileType = sourcecode.c.h; path = ViewController.h; sourceTree = "<group>"; };
		D00D99AF1A83E8D7007B3787 /* ViewController.m */ = {isa = PBXFileReference; lastKnownFileType = sourcecode.c.objc; path = ViewController.m; sourceTree = "<group>"; };
		D00D99B21A83E8D7007B3787 /* Base */ = {isa = PBXFileReference; lastKnownFileType = file.storyboard; name = Base; path = Base.lproj/Main.storyboard; sourceTree = "<group>"; };
		D00D99B41A83E8D7007B3787 /* Images.xcassets */ = {isa = PBXFileReference; lastKnownFileType = folder.assetcatalog; path = Images.xcassets; sourceTree = "<group>"; };
		D00D99B71A83E8D7007B3787 /* Base */ = {isa = PBXFileReference; lastKnownFileType = file.xib; name = Base; path = Base.lproj/LaunchScreen.xib; sourceTree = "<group>"; };
		D00D99BD1A83E8D7007B3787 /* TaskmanagerTests.xctest */ = {isa = PBXFileReference; explicitFileType = wrapper.cfbundle; includeInIndex = 0; path = TaskmanagerTests.xctest; sourceTree = BUILT_PRODUCTS_DIR; };
		D00D99C21A83E8D7007B3787 /* Info.plist */ = {isa = PBXFileReference; lastKnownFileType = text.plist.xml; path = Info.plist; sourceTree = "<group>"; };
		D00D99C31A83E8D7007B3787 /* TaskmanagerTests.m */ = {isa = PBXFileReference; lastKnownFileType = sourcecode.c.objc; path = TaskmanagerTests.m; sourceTree = "<group>"; };
/* End PBXFileReference section */

/* Begin PBXFrameworksBuildPhase section */
		D00D99A11A83E8D7007B3787 /* Frameworks */ = {
			isa = PBXFrameworksBuildPhase;
			buildActionMask = 2147483647;
			files = (
			);
			runOnlyForDeploymentPostprocessing = 0;
		};
		D00D99BA1A83E8D7007B3787 /* Frameworks */ = {
			isa = PBXFrameworksBuildPhase;
			buildActionMask = 2147483647;
			files = (
			);
			runOnlyForDeploymentPostprocessing = 0;
		};
/* End PBXFrameworksBuildPhase section */

/* Begin PBXGroup section */
		D00D999B1A83E8D7007B3787 = {
			isa = PBXGroup;
			children = (
				D00D99A61A83E8D7007B3787 /* Taskmanager */,
				D00D99C01A83E8D7007B3787 /* TaskmanagerTests */,
				D00D99A51A83E8D7007B3787 /* Products */,
			);
			sourceTree = "<group>";
		};
		D00D99A51A83E8D7007B3787 /* Products */ = {
			isa = PBXGroup;
			children = (
				D00D99A41A83E8D7007B3787 /* Taskmanager.app */,
				D00D99BD1A83E8D7007B3787 /* TaskmanagerTests.xctest */,
			);
			name = Products;
			sourceTree = "<group>";
		};
		D00D99A61A83E8D7007B3787 /* Taskmanager */ = {
			isa = PBXGroup;
			children = (
				D00D99AB1A83E8D7007B3787 /* AppDelegate.h */,
				D00D99AC1A83E8D7007B3787 /* AppDelegate.m */,
				D00D99AE1A83E8D7007B3787 /* ViewController.h */,
				D00D99AF1A83E8D7007B3787 /* ViewController.m */,
				D00D99B11A83E8D7007B3787 /* Main.storyboard */,
				D00D99B41A83E8D7007B3787 /* Images.xcassets */,
				D00D99B61A83E8D7007B3787 /* LaunchScreen.xib */,
				D00D99A71A83E8D7007B3787 /* Supporting Files */,
			);
			path = Taskmanager;
			sourceTree = "<group>";
		};
		D00D99A71A83E8D7007B3787 /* Supporting Files */ = {
			isa = PBXGroup;
			children = (
				D00D99A81A83E8D7007B3787 /* Info.plist */,
				D00D99A91A83E8D7007B3787 /* main.m */,
			);
			name = "Supporting Files";
			sourceTree = "<group>";
		};
		D00D99C01A83E8D7007B3787 /* TaskmanagerTests */ = {
			isa = PBXGroup;
			children = (
				D00D99C31A83E8D7007B3787 /* TaskmanagerTests.m */,
				D00D99C11A83E8D7007B3787 /* Supporting Files */,
			);
			path = TaskmanagerTests;
			sourceTree = "<group>";
		};
		D00D99C11A83E8D7007B3787 /* Supporting Files */ = {
			isa = PBXGroup;
			children = (
				D00D99C21A83E8D7007B3787 /* Info.plist */,
			);
			name = "Supporting Files";
			sourceTree = "<group>";
		};
/* End PBXGroup section */

/* Begin PBXNativeTarget section */
		D00D99A31A83E8D7007B3787 /* Taskmanager */ = {
			isa = PBXNativeTarget;
			buildConfigurationList = D00D99C71A83E8D7007B3787 /* Build configuration list for PBXNativeTarget "Taskmanager" */;
			buildPhases = (
				D00D99A01A83E8D7007B3787 /* Sources */,
				D00D99A11A83E8D7007B3787 /* Frameworks */,
				D00D99A21A83E8D7007B3787 /* Resources */,
			);
			buildRules = (
			);
			dependencies = (
			);
			name = Taskmanager;
			productName = Taskmanager;
			productReference = D00D99A41A83E8D7007B3787 /* Taskmanager.app */;
			productType = "com.apple.product-type.application";
		};
		D00D99BC1A83E8D7007B3787 /* TaskmanagerTests */ = {
			isa = PBXNativeTarget;
			buildConfigurationList = D00D99CA1A83E8D7007B3787 /* Build configuration list for PBXNativeTarget "TaskmanagerTests" */;
			buildPhases = (
				D00D99B91A83E8D7007B3787 /* Sources */,
				D00D99BA1A83E8D7007B3787 /* Frameworks */,
				D00D99BB1A83E8D7007B3787 /* Resources */,
			);
			buildRules = (
			);
			dependencies = (
				D00D99BF1A83E8D7007B3787 /* PBXTargetDependency */,
			);
			name = TaskmanagerTests;
			productName = TaskmanagerTests;
			productReference = D00D99BD1A83E8D7007B3787 /* TaskmanagerTests.xctest */;
			productType = "com.apple.product-type.bundle.unit-test";
		};
/* End PBXNativeTarget section */

/* Begin PBXProject section */
		D00D999C1A83E8D7007B3787 /* Project object */ = {
			isa = PBXProject;
			attributes = {
				LastUpgradeCheck = 0610;
				ORGANIZATIONNAME = "Páll Zoltán";
				TargetAttributes = {
					D00D99A31A83E8D7007B3787 = {
						CreatedOnToolsVersion = 6.1.1;
					};
					D00D99BC1A83E8D7007B3787 = {
						CreatedOnToolsVersion = 6.1.1;
						TestTargetID = D00D99A31A83E8D7007B3787;
					};
				};
			};
			buildConfigurationList = D00D999F1A83E8D7007B3787 /* Build configuration list for PBXProject "Taskmanager" */;
			compatibilityVersion = "Xcode 3.2";
			developmentRegion = English;
			hasScannedForEncodings = 0;
			knownRegions = (
				en,
				Base,
			);
			mainGroup = D00D999B1A83E8D7007B3787;
			productRefGroup = D00D99A51A83E8D7007B3787 /* Products */;
			projectDirPath = "";
			projectRoot = "";
			targets = (
				D00D99A31A83E8D7007B3787 /* Taskmanager */,
				D00D99BC1A83E8D7007B3787 /* TaskmanagerTests */,
			);
		};
/* End PBXProject section */

/* Begin PBXResourcesBuildPhase section */
		D00D99A21A83E8D7007B3787 /* Resources */ = {
			isa = PBXResourcesBuildPhase;
			buildActionMask = 2147483647;
			files = (
				D00D99B31A83E8D7007B3787 /* Main.storyboard in Resources */,
				D00D99B81A83E8D7007B3787 /* LaunchScreen.xib in Resources */,
				D00D99B51A83E8D7007B3787 /* Images.xcassets in Resources */,
			);
			runOnlyForDeploymentPostprocessing = 0;
		};
		D00D99BB1A83E8D7007B3787 /* Resources */ = {
			isa = PBXResourcesBuildPhase;
			buildActionMask = 2147483647;
			files = (
			);
			runOnlyForDeploymentPostprocessing = 0;
		};
/* End PBXResourcesBuildPhase section */

/* Begin PBXSourcesBuildPhase section */
		D00D99A01A83E8D7007B3787 /* Sources */ = {
			isa = PBXSourcesBuildPhase;
			buildActionMask = 2147483647;
			files = (
				D00D99B01A83E8D7007B3787 /* ViewController.m in Sources */,
				D00D99AD1A83E8D7007B3787 /* AppDelegate.m in Sources */,
				D00D99AA1A83E8D7007B3787 /* main.m in Sources */,
			);
			runOnlyForDeploymentPostprocessing = 0;
		};
		D00D99B91A83E8D7007B3787 /* Sources */ = {
			isa = PBXSourcesBuildPhase;
			buildActionMask = 2147483647;
			files = (
				D00D99C41A83E8D7007B3787 /* TaskmanagerTests.m in Sources */,
			);
			runOnlyForDeploymentPostprocessing = 0;
		};
/* End PBXSourcesBuildPhase section */

/* Begin PBXTargetDependency section */
		D00D99BF1A83E8D7007B3787 /* PBXTargetDependency */ = {
			isa = PBXTargetDependency;
			target = D00D99A31A83E8D7007B3787 /* Taskmanager */;
			targetProxy = D00D99BE1A83E8D7007B3787 /* PBXContainerItemProxy */;
		};
/* End PBXTargetDependency section */

/* Begin PBXVariantGroup section */
		D00D99B11A83E8D7007B3787 /* Main.storyboard */ = {
			isa = PBXVariantGroup;
			children = (
				D00D99B21A83E8D7007B3787 /* Base */,
			);
			name = Main.storyboard;
			sourceTree = "<group>";
		};
		D00D99B61A83E8D7007B3787 /* LaunchScreen.xib */ = {
			isa = PBXVariantGroup;
			children = (
				D00D99B71A83E8D7007B3787 /* Base */,
			);
			name = LaunchScreen.xib;
			sourceTree = "<group>";
		};
/* End PBXVariantGroup section */

/* Begin XCBuildConfiguration section */
		D00D99C51A83E8D7007B3787 /* Debug */ = {
			isa = XCBuildConfiguration;
			buildSettings = {
				ALWAYS_SEARCH_USER_PATHS = NO;
				CLANG_CXX_LANGUAGE_STANDARD = "gnu++0x";
				CLANG_CXX_LIBRARY = "libc++";
				CLANG_ENABLE_MODULES = YES;
				CLANG_ENABLE_OBJC_ARC = YES;
				CLANG_WARN_BOOL_CONVERSION = YES;
				CLANG_WARN_CONSTANT_CONVERSION = YES;
				CLANG_WARN_DIRECT_OBJC_ISA_USAGE = YES_ERROR;
				CLANG_WARN_EMPTY_BODY = YES;
				CLANG_WARN_ENUM_CONVERSION = YES;
				CLANG_WARN_INT_CONVERSION = YES;
				CLANG_WARN_OBJC_ROOT_CLASS = YES_ERROR;
				CLANG_WARN_UNREACHABLE_CODE = YES;
				CLANG_WARN__DUPLICATE_METHOD_MATCH = YES;
				"CODE_SIGN_IDENTITY[sdk=iphoneos*]" = "iPhone Developer";
				COPY_PHASE_STRIP = NO;
				ENABLE_STRICT_OBJC_MSGSEND = YES;
				GCC_C_LANGUAGE_STANDARD = gnu99;
				GCC_DYNAMIC_NO_PIC = NO;
				GCC_OPTIMIZATION_LEVEL = 0;
				GCC_PREPROCESSOR_DEFINITIONS = (
					"DEBUG=1",
					"$(inherited)",
				);
				GCC_SYMBOLS_PRIVATE_EXTERN = NO;
				GCC_WARN_64_TO_32_BIT_CONVERSION = YES;
				GCC_WARN_ABOUT_RETURN_TYPE = YES_ERROR;
				GCC_WARN_UNDECLARED_SELECTOR = YES;
				GCC_WARN_UNINITIALIZED_AUTOS = YES_AGGRESSIVE;
				GCC_WARN_UNUSED_FUNCTION = YES;
				GCC_WARN_UNUSED_VARIABLE = YES;
				IPHONEOS_DEPLOYMENT_TARGET = 8.1;
				MTL_ENABLE_DEBUG_INFO = YES;
				ONLY_ACTIVE_ARCH = YES;
				SDKROOT = iphoneos;
			};
			name = Debug;
		};
		D00D99C61A83E8D7007B3787 /* Release */ = {
			isa = XCBuildConfiguration;
			buildSettings = {
				ALWAYS_SEARCH_USER_PATHS = NO;
				CLANG_CXX_LANGUAGE_STANDARD = "gnu++0x";
				CLANG_CXX_LIBRARY = "libc++";
				CLANG_ENABLE_MODULES = YES;
				CLANG_ENABLE_OBJC_ARC = YES;
				CLANG_WARN_BOOL_CONVERSION = YES;
				CLANG_WARN_CONSTANT_CONVERSION = YES;
				CLANG_WARN_DIRECT_OBJC_ISA_USAGE = YES_ERROR;
				CLANG_WARN_EMPTY_BODY = YES;
				CLANG_WARN_ENUM_CONVERSION = YES;
				CLANG_WARN_INT_CONVERSION = YES;
				CLANG_WARN_OBJC_ROOT_CLASS = YES_ERROR;
				CLANG_WARN_UNREACHABLE_CODE = YES;
				CLANG_WARN__DUPLICATE_METHOD_MATCH = YES;
				"CODE_SIGN_IDENTITY[sdk=iphoneos*]" = "iPhone Developer";
				COPY_PHASE_STRIP = YES;
				ENABLE_NS_ASSERTIONS = NO;
				ENABLE_STRICT_OBJC_MSGSEND = YES;
				GCC_C_LANGUAGE_STANDARD = gnu99;
				GCC_WARN_64_TO_32_BIT_CONVERSION = YES;
				GCC_WARN_ABOUT_RETURN_TYPE = YES_ERROR;
				GCC_WARN_UNDECLARED_SELECTOR = YES;
				GCC_WARN_UNINITIALIZED_AUTOS = YES_AGGRESSIVE;
				GCC_WARN_UNUSED_FUNCTION = YES;
				GCC_WARN_UNUSED_VARIABLE = YES;
				IPHONEOS_DEPLOYMENT_TARGET = 8.1;
				MTL_ENABLE_DEBUG_INFO = NO;
				SDKROOT = iphoneos;
				VALIDATE_PRODUCT = YES;
			};
			name = Release;
		};
		D00D99C81A83E8D7007B3787 /* Debug */ = {
			isa = XCBuildConfiguration;
			buildSettings = {
				ASSETCATALOG_COMPILER_APPICON_NAME = AppIcon;
				INFOPLIST_FILE = Taskmanager/Info.plist;
				LD_RUNPATH_SEARCH_PATHS = "$(inherited) @executable_path/Frameworks";
				PRODUCT_NAME = "$(TARGET_NAME)";
			};
			name = Debug;
		};
		D00D99C91A83E8D7007B3787 /* Release */ = {
			isa = XCBuildConfiguration;
			buildSettings = {
				ASSETCATALOG_COMPILER_APPICON_NAME = AppIcon;
				INFOPLIST_FILE = Taskmanager/Info.plist;
				LD_RUNPATH_SEARCH_PATHS = "$(inherited) @executable_path/Frameworks";
				PRODUCT_NAME = "$(TARGET_NAME)";
			};
			name = Release;
		};
		D00D99CB1A83E8D7007B3787 /* Debug */ = {
			isa = XCBuildConfiguration;
			buildSettings = {
				BUNDLE_LOADER = "$(TEST_HOST)";
				FRAMEWORK_SEARCH_PATHS = (
					"$(SDKROOT)/Developer/Library/Frameworks",
					"$(inherited)",
				);
				GCC_PREPROCESSOR_DEFINITIONS = (
					"DEBUG=1",
					"$(inherited)",
				);
				INFOPLIST_FILE = TaskmanagerTests/Info.plist;
				LD_RUNPATH_SEARCH_PATHS = "$(inherited) @executable_path/Frameworks @loader_path/Frameworks";
				PRODUCT_NAME = "$(TARGET_NAME)";
				TEST_HOST = "$(BUILT_PRODUCTS_DIR)/Taskmanager.app/Taskmanager";
			};
			name = Debug;
		};
		D00D99CC1A83E8D7007B3787 /* Release */ = {
			isa = XCBuildConfiguration;
			buildSettings = {
				BUNDLE_LOADER = "$(TEST_HOST)";
				FRAMEWORK_SEARCH_PATHS = (
					"$(SDKROOT)/Developer/Library/Frameworks",
					"$(inherited)",
				);
				INFOPLIST_FILE = TaskmanagerTests/Info.plist;
				LD_RUNPATH_SEARCH_PATHS = "$(inherited) @executable_path/Frameworks @loader_path/Frameworks";
				PRODUCT_NAME = "$(TARGET_NAME)";
				TEST_HOST = "$(BUILT_PRODUCTS_DIR)/Taskmanager.app/Taskmanager";
			};
			name = Release;
		};
/* End XCBuildConfiguration section */

/* Begin XCConfigurationList section */
		D00D999F1A83E8D7007B3787 /* Build configuration list for PBXProject "Taskmanager" */ = {
			isa = XCConfigurationList;
			buildConfigurations = (
				D00D99C51A83E8D7007B3787 /* Debug */,
				D00D99C61A83E8D7007B3787 /* Release */,
			);
			defaultConfigurationIsVisible = 0;
			defaultConfigurationName = Release;
		};
		D00D99C71A83E8D7007B3787 /* Build configuration list for PBXNativeTarget "Taskmanager" */ = {
			isa = XCConfigurationList;
			buildConfigurations = (
				D00D99C81A83E8D7007B3787 /* Debug */,
				D00D99C91A83E8D7007B3787 /* Release */,
			);
			defaultConfigurationIsVisible = 0;
		};
		D00D99CA1A83E8D7007B3787 /* Build configuration list for PBXNativeTarget "TaskmanagerTests" */ = {
			isa = XCConfigurationList;
			buildConfigurations = (
				D00D99CB1A83E8D7007B3787 /* Debug */,
				D00D99CC1A83E8D7007B3787 /* Release */,
			);
			defaultConfigurationIsVisible = 0;
		};
/* End XCConfigurationList section */
	};
	rootObject = D00D999C1A83E8D7007B3787 /* Project object */;
}
